schema: '2.0'
stages:
  data_ingestion:
    cmd: python src/data/data_ingestion.py
    deps:
    - path: src/data/data_ingestion.py
      hash: md5
      md5: 4eb2b5bfde91e54681c96d3d207bc353
      size: 2881
    params:
      params.yaml:
        data_ingestion.test_size: 0.34
    outs:
    - path: data/raw
      hash: md5
      md5: f8ac388bc2fd411d7ea3483f2fce9b73.dir
      size: 1084363
      nfiles: 2
  preprocessing:
    cmd: python src/data/preprocessing.py
    deps:
    - path: data/raw
      hash: md5
      md5: f8ac388bc2fd411d7ea3483f2fce9b73.dir
      size: 1084363
      nfiles: 2
    - path: src/data/preprocessing.py
      hash: md5
      md5: 7d643b58583b131e9ac765660ed9f272
      size: 5381
    outs:
    - path: data/processed
      hash: md5
      md5: 5b7985efaf13b5751e8c496d6ecbf938.dir
      size: 831005
      nfiles: 2
  features:
    cmd: python src/features/features.py
    deps:
    - path: data/processed
      hash: md5
      md5: 5b7985efaf13b5751e8c496d6ecbf938.dir
      size: 831005
      nfiles: 2
    - path: src/features/features.py
      hash: md5
      md5: 7bc4e75920cda326328610e24a4e4f97
      size: 4108
    params:
      params.yaml:
        features.max_features: 114
    outs:
    - path: data/features
      hash: md5
      md5: 9a07db17dfa7aa195d75397335ed0ce3.dir
      size: 3255996
      nfiles: 2
  model:
    cmd: python src/model/model.py
    deps:
    - path: data/features
      hash: md5
      md5: 9a07db17dfa7aa195d75397335ed0ce3.dir
      size: 3255996
      nfiles: 2
    - path: src/model/model.py
      hash: md5
      md5: 8e83aba878a7823d5ba17a714cedce55
      size: 3546
    params:
      params.yaml:
        model.n_estimators: 105
    outs:
    - path: models/model.pkl
      hash: md5
      md5: 5a05d591ab6ea3de79aa6e8402a1a394
      size: 40919
  evalutation:
    cmd: python src/model/evaluation.py
    deps:
    - path: data/features
      hash: md5
      md5: 9a07db17dfa7aa195d75397335ed0ce3.dir
      size: 3255996
      nfiles: 2
    - path: models/model.pkl
      hash: md5
      md5: 5a05d591ab6ea3de79aa6e8402a1a394
      size: 40919
    outs:
    - path: reports/metrics.json
      hash: md5
      md5: a63606c1c30ae28f3f1b662ab023b6d0
      size: 145
