schema: '2.0'
stages:
  data_ingestion:
    cmd: python src/data/data_ingestion.py
    deps:
    - path: src/data/data_ingestion.py
      hash: md5
      md5: 4eb2b5bfde91e54681c96d3d207bc353
      size: 2881
    params:
      params.yaml:
        data_ingestion.test_size: 0.35
    outs:
    - path: data/raw
      hash: md5
      md5: 60261e020ce567a815f775b7fb747961.dir
      size: 1084363
      nfiles: 2
  preprocessing:
    cmd: python src/data/preprocessing.py
    deps:
    - path: data/raw
      hash: md5
      md5: 60261e020ce567a815f775b7fb747961.dir
      size: 1084363
      nfiles: 2
    - path: src/data/preprocessing.py
      hash: md5
      md5: 7d643b58583b131e9ac765660ed9f272
      size: 5381
    outs:
    - path: data/processed
      hash: md5
      md5: 5e995f9433144a01e45be81ca76d912b.dir
      size: 831135
      nfiles: 2
  features:
    cmd: python src/features/features.py
    deps:
    - path: data/processed
      hash: md5
      md5: 5e995f9433144a01e45be81ca76d912b.dir
      size: 831135
      nfiles: 2
    - path: src/features/features.py
      hash: md5
      md5: 7bc4e75920cda326328610e24a4e4f97
      size: 4108
    params:
      params.yaml:
        features.max_features: 110
    outs:
    - path: data/features
      hash: md5
      md5: a9abeb6462513ead3b0cdc4905a38bce.dir
      size: 3145540
      nfiles: 2
  model:
    cmd: python src/model/model.py
    deps:
    - path: data/features
      hash: md5
      md5: a9abeb6462513ead3b0cdc4905a38bce.dir
      size: 3145540
      nfiles: 2
    - path: src/model/model.py
      hash: md5
      md5: 6da5ace1450160f445d3131528e9917e
      size: 2597
    params:
      params.yaml:
        model.n_estimators: 111
    outs:
    - path: models/model.pkl
      hash: md5
      md5: 9660e6b28b70606bd070a359090c3321
      size: 149605
  evalutation:
    cmd: python src/model/evaluation.py
    deps:
    - path: data/features
      hash: md5
      md5: a9abeb6462513ead3b0cdc4905a38bce.dir
      size: 3145540
      nfiles: 2
    - path: models/model.pkl
      hash: md5
      md5: 9660e6b28b70606bd070a359090c3321
      size: 149605
    outs:
    - path: reports/metrics.json
      hash: md5
      md5: 305952f44191a312ebd04d0ffe8ff422
      size: 139
